# This file is generated by running "yarn install" inside your project.
# Manual changes might be lost - proceed with caution!

__metadata:
  version: 8
  cacheKey: 10

"@biomejs/biome@npm:^2.2.0":
  version: 2.2.0
  resolution: "@biomejs/biome@npm:2.2.0"
  dependencies:
    "@biomejs/cli-darwin-arm64": "npm:2.2.0"
    "@biomejs/cli-darwin-x64": "npm:2.2.0"
    "@biomejs/cli-linux-arm64": "npm:2.2.0"
    "@biomejs/cli-linux-arm64-musl": "npm:2.2.0"
    "@biomejs/cli-linux-x64": "npm:2.2.0"
    "@biomejs/cli-linux-x64-musl": "npm:2.2.0"
    "@biomejs/cli-win32-arm64": "npm:2.2.0"
    "@biomejs/cli-win32-x64": "npm:2.2.0"
  dependenciesMeta:
    "@biomejs/cli-darwin-arm64":
      optional: true
    "@biomejs/cli-darwin-x64":
      optional: true
    "@biomejs/cli-linux-arm64":
      optional: true
    "@biomejs/cli-linux-arm64-musl":
      optional: true
    "@biomejs/cli-linux-x64":
      optional: true
    "@biomejs/cli-linux-x64-musl":
      optional: true
    "@biomejs/cli-win32-arm64":
      optional: true
    "@biomejs/cli-win32-x64":
      optional: true
  bin:
    biome: bin/biome
  checksum: 10/f2832f9a8e52ba43c486c7223465a3b50698c0945b62a11034f1d25c2473e75417379ae5f60563d27eb12ac30c22317d0c13029e84eceb37b2dc6e0a72864215
  languageName: node
  linkType: hard

"@biomejs/cli-darwin-arm64@npm:2.2.0":
  version: 2.2.0
  resolution: "@biomejs/cli-darwin-arm64@npm:2.2.0"
  conditions: os=darwin & cpu=arm64
  languageName: node
  linkType: hard

"@biomejs/cli-darwin-x64@npm:2.2.0":
  version: 2.2.0
  resolution: "@biomejs/cli-darwin-x64@npm:2.2.0"
  conditions: os=darwin & cpu=x64
  languageName: node
  linkType: hard

"@biomejs/cli-linux-arm64-musl@npm:2.2.0":
  version: 2.2.0
  resolution: "@biomejs/cli-linux-arm64-musl@npm:2.2.0"
  conditions: os=linux & cpu=arm64 & libc=musl
  languageName: node
  linkType: hard

"@biomejs/cli-linux-arm64@npm:2.2.0":
  version: 2.2.0
  resolution: "@biomejs/cli-linux-arm64@npm:2.2.0"
  conditions: os=linux & cpu=arm64 & libc=glibc
  languageName: node
  linkType: hard

"@biomejs/cli-linux-x64-musl@npm:2.2.0":
  version: 2.2.0
  resolution: "@biomejs/cli-linux-x64-musl@npm:2.2.0"
  conditions: os=linux & cpu=x64 & libc=musl
  languageName: node
  linkType: hard

"@biomejs/cli-linux-x64@npm:2.2.0":
  version: 2.2.0
  resolution: "@biomejs/cli-linux-x64@npm:2.2.0"
  conditions: os=linux & cpu=x64 & libc=glibc
  languageName: node
  linkType: hard

"@biomejs/cli-win32-arm64@npm:2.2.0":
  version: 2.2.0
  resolution: "@biomejs/cli-win32-arm64@npm:2.2.0"
  conditions: os=win32 & cpu=arm64
  languageName: node
  linkType: hard

"@biomejs/cli-win32-x64@npm:2.2.0":
  version: 2.2.0
  resolution: "@biomejs/cli-win32-x64@npm:2.2.0"
  conditions: os=win32 & cpu=x64
  languageName: node
  linkType: hard

"@cspotcode/source-map-support@npm:^0.8.0":
  version: 0.8.1
  resolution: "@cspotcode/source-map-support@npm:0.8.1"
  dependencies:
    "@jridgewell/trace-mapping": "npm:0.3.9"
  checksum: 10/b6e38a1712fab242c86a241c229cf562195aad985d0564bd352ac404be583029e89e93028ffd2c251d2c407ecac5fb0cbdca94a2d5c10f29ac806ede0508b3ff
  languageName: node
  linkType: hard

"@jridgewell/resolve-uri@npm:^3.0.3":
  version: 3.1.2
  resolution: "@jridgewell/resolve-uri@npm:3.1.2"
  checksum: 10/97106439d750a409c22c8bff822d648f6a71f3aa9bc8e5129efdc36343cd3096ddc4eeb1c62d2fe48e9bdd4db37b05d4646a17114ecebd3bbcacfa2de51c3c1d
  languageName: node
  linkType: hard

"@jridgewell/sourcemap-codec@npm:^1.4.10":
  version: 1.5.0
  resolution: "@jridgewell/sourcemap-codec@npm:1.5.0"
  checksum: 10/4ed6123217569a1484419ac53f6ea0d9f3b57e5b57ab30d7c267bdb27792a27eb0e4b08e84a2680aa55cc2f2b411ffd6ec3db01c44fdc6dc43aca4b55f8374fd
  languageName: node
  linkType: hard

"@jridgewell/trace-mapping@npm:0.3.9":
  version: 0.3.9
  resolution: "@jridgewell/trace-mapping@npm:0.3.9"
  dependencies:
    "@jridgewell/resolve-uri": "npm:^3.0.3"
    "@jridgewell/sourcemap-codec": "npm:^1.4.10"
  checksum: 10/83deafb8e7a5ca98993c2c6eeaa93c270f6f647a4c0dc00deb38c9cf9b2d3b7bf15e8839540155247ef034a052c0ec4466f980bf0c9e2ab63b97d16c0cedd3ff
  languageName: node
  linkType: hard

"@truvity/sdk@npm:^0.40.13":
  version: 0.40.13
  resolution: "@truvity/sdk@npm:0.40.13"
  dependencies:
    mem: "npm:^8.1.1"
    reflect-metadata: "npm:^0.2.2"
    uuid: "npm:^10.0.0"
  checksum: 10/5ea2c295c05ea3207f6185ff8731c0a910989af0266a0e4b5e5c7aab1d09f5930ce3f7b1cee45f191137e2b38f70bd5f6062abc9d8770755ba234ebb2549a7fc
  languageName: node
  linkType: hard

"@tsconfig/node10@npm:^1.0.7":
  version: 1.0.11
  resolution: "@tsconfig/node10@npm:1.0.11"
  checksum: 10/51fe47d55fe1b80ec35e6e5ed30a13665fd3a531945350aa74a14a1e82875fb60b350c2f2a5e72a64831b1b6bc02acb6760c30b3738b54954ec2dea82db7a267
  languageName: node
  linkType: hard

"@tsconfig/node12@npm:^1.0.7":
  version: 1.0.11
  resolution: "@tsconfig/node12@npm:1.0.11"
  checksum: 10/5ce29a41b13e7897a58b8e2df11269c5395999e588b9a467386f99d1d26f6c77d1af2719e407621412520ea30517d718d5192a32403b8dfcc163bf33e40a338a
  languageName: node
  linkType: hard

"@tsconfig/node14@npm:^1.0.0":
  version: 1.0.3
  resolution: "@tsconfig/node14@npm:1.0.3"
  checksum: 10/19275fe80c4c8d0ad0abed6a96dbf00642e88b220b090418609c4376e1cef81bf16237bf170ad1b341452feddb8115d8dd2e5acdfdea1b27422071163dc9ba9d
  languageName: node
  linkType: hard

"@tsconfig/node16@npm:^1.0.2":
  version: 1.0.4
  resolution: "@tsconfig/node16@npm:1.0.4"
  checksum: 10/202319785901f942a6e1e476b872d421baec20cf09f4b266a1854060efbf78cde16a4d256e8bc949d31e6cd9a90f1e8ef8fb06af96a65e98338a2b6b0de0a0ff
  languageName: node
  linkType: hard

"@tsconfig/node22@npm:^22.0.2":
  version: 22.0.2
  resolution: "@tsconfig/node22@npm:22.0.2"
  checksum: 10/b9fb6543856cbac8b9b79c234bbefa3415f083e0a46e6f0fbe418fe21c5d086440222e1383258d75ebac951cbe17564a6d146fafc59c889d6302decd1a7880dd
  languageName: node
  linkType: hard

"@types/node@npm:~22.14":
  version: 22.14.1
  resolution: "@types/node@npm:22.14.1"
  dependencies:
    undici-types: "npm:~6.21.0"
  checksum: 10/561b1ad98ef5176d6da856ffbbe494f16655149f6a7d561de0423c8784910c81267d7d6459f59d68a97b3cbae9b5996b3b5dfe64f4de3de2239d295dcf4a4dcc
  languageName: node
  linkType: hard

"acorn-walk@npm:^8.1.1":
  version: 8.3.4
  resolution: "acorn-walk@npm:8.3.4"
  dependencies:
    acorn: "npm:^8.11.0"
  checksum: 10/871386764e1451c637bb8ab9f76f4995d408057e9909be6fb5ad68537ae3375d85e6a6f170b98989f44ab3ff6c74ad120bc2779a3d577606e7a0cd2b4efcaf77
  languageName: node
  linkType: hard

"acorn@npm:^8.11.0, acorn@npm:^8.4.1":
  version: 8.12.1
  resolution: "acorn@npm:8.12.1"
  bin:
    acorn: bin/acorn
  checksum: 10/d08c2d122bba32d0861e0aa840b2ee25946c286d5dc5990abca991baf8cdbfbe199b05aacb221b979411a2fea36f83e26b5ac4f6b4e0ce49038c62316c1848f0
  languageName: node
  linkType: hard

"arg@npm:^4.1.0":
  version: 4.1.3
  resolution: "arg@npm:4.1.3"
  checksum: 10/969b491082f20cad166649fa4d2073ea9e974a4e5ac36247ca23d2e5a8b3cb12d60e9ff70a8acfe26d76566c71fd351ee5e6a9a6595157eb36f92b1fd64e1599
  languageName: node
  linkType: hard

"create-require@npm:^1.1.0":
  version: 1.1.1
  resolution: "create-require@npm:1.1.1"
  checksum: 10/a9a1503d4390d8b59ad86f4607de7870b39cad43d929813599a23714831e81c520bddf61bcdd1f8e30f05fd3a2b71ae8538e946eb2786dc65c2bbc520f692eff
  languageName: node
  linkType: hard

"dif-hackathon-2024-demo@workspace:.":
  version: 0.0.0-use.local
  resolution: "dif-hackathon-2024-demo@workspace:."
  dependencies:
    "@biomejs/biome": "npm:^2.2.0"
    "@truvity/sdk": "npm:^0.40.13"
    "@tsconfig/node22": "npm:^22.0.2"
    "@types/node": "npm:~22.14"
    ts-node: "npm:^10.9.2"
    typescript: "npm:^5.9.2"
  languageName: unknown
  linkType: soft

"diff@npm:^4.0.1":
  version: 4.0.2
  resolution: "diff@npm:4.0.2"
  checksum: 10/ec09ec2101934ca5966355a229d77afcad5911c92e2a77413efda5455636c4cf2ce84057e2d7715227a2eeeda04255b849bd3ae3a4dd22eb22e86e76456df069
  languageName: node
  linkType: hard

"make-error@npm:^1.1.1":
  version: 1.3.6
  resolution: "make-error@npm:1.3.6"
  checksum: 10/b86e5e0e25f7f777b77fabd8e2cbf15737972869d852a22b7e73c17623928fccb826d8e46b9951501d3f20e51ad74ba8c59ed584f610526a48f8ccf88aaec402
  languageName: node
  linkType: hard

"map-age-cleaner@npm:^0.1.3":
  version: 0.1.3
  resolution: "map-age-cleaner@npm:0.1.3"
  dependencies:
    p-defer: "npm:^1.0.0"
  checksum: 10/cb2804a5bcb3cbdfe4b59066ea6d19f5e7c8c196cd55795ea4c28f792b192e4c442426ae52524e5e1acbccf393d3bddacefc3d41f803e66453f6c4eda3650bc1
  languageName: node
  linkType: hard

"mem@npm:^8.1.1":
  version: 8.1.1
  resolution: "mem@npm:8.1.1"
  dependencies:
    map-age-cleaner: "npm:^0.1.3"
    mimic-fn: "npm:^3.1.0"
  checksum: 10/5f22117d8a24775f0a61d333bd7fdbe19f7a9f8dc8ccee66f57ba98aeb4ed67e83cc130c482b78fd6a39887547749d8fe376fc44ca7efa81579ad9d0c0fa5acd
  languageName: node
  linkType: hard

"mimic-fn@npm:^3.1.0":
  version: 3.1.0
  resolution: "mimic-fn@npm:3.1.0"
  checksum: 10/f7b167f9115b8bbdf2c3ee55dce9149d14be9e54b237259c4bc1d8d0512ea60f25a1b323f814eb1fe8f5a541662804bcfcfff3202ca58df143edb986849d58db
  languageName: node
  linkType: hard

"p-defer@npm:^1.0.0":
  version: 1.0.0
  resolution: "p-defer@npm:1.0.0"
  checksum: 10/1d8fb7138a0ccebb65479160fd93f245303c06c977c976105d75838f7f504a9a6ef11b7e058f98b4c957a6a8df268c616da1ee339285d565f9e5ba00304e027b
  languageName: node
  linkType: hard

"reflect-metadata@npm:^0.2.2":
  version: 0.2.2
  resolution: "reflect-metadata@npm:0.2.2"
  checksum: 10/1c93f9ac790fea1c852fde80c91b2760420069f4862f28e6fae0c00c6937a56508716b0ed2419ab02869dd488d123c4ab92d062ae84e8739ea7417fae10c4745
  languageName: node
  linkType: hard

"ts-node@npm:^10.9.2":
  version: 10.9.2
  resolution: "ts-node@npm:10.9.2"
  dependencies:
    "@cspotcode/source-map-support": "npm:^0.8.0"
    "@tsconfig/node10": "npm:^1.0.7"
    "@tsconfig/node12": "npm:^1.0.7"
    "@tsconfig/node14": "npm:^1.0.0"
    "@tsconfig/node16": "npm:^1.0.2"
    acorn: "npm:^8.4.1"
    acorn-walk: "npm:^8.1.1"
    arg: "npm:^4.1.0"
    create-require: "npm:^1.1.0"
    diff: "npm:^4.0.1"
    make-error: "npm:^1.1.1"
    v8-compile-cache-lib: "npm:^3.0.1"
    yn: "npm:3.1.1"
  peerDependencies:
    "@swc/core": ">=1.2.50"
    "@swc/wasm": ">=1.2.50"
    "@types/node": "*"
    typescript: ">=2.7"
  peerDependenciesMeta:
    "@swc/core":
      optional: true
    "@swc/wasm":
      optional: true
  bin:
    ts-node: dist/bin.js
    ts-node-cwd: dist/bin-cwd.js
    ts-node-esm: dist/bin-esm.js
    ts-node-script: dist/bin-script.js
    ts-node-transpile-only: dist/bin-transpile.js
    ts-script: dist/bin-script-deprecated.js
  checksum: 10/a91a15b3c9f76ac462f006fa88b6bfa528130dcfb849dd7ef7f9d640832ab681e235b8a2bc58ecde42f72851cc1d5d4e22c901b0c11aa51001ea1d395074b794
  languageName: node
  linkType: hard

"typescript@npm:^5.9.2":
  version: 5.9.2
  resolution: "typescript@npm:5.9.2"
  bin:
    tsc: bin/tsc
    tsserver: bin/tsserver
  checksum: 10/cc2fe6c822819de5d453fa25aa9f32096bf70dde215d481faa1ad84a283dfb264e33988ed8f6d36bc803dd0b16dbe943efa311a798ef76d5b3892a05dfbfd628
  languageName: node
  linkType: hard

"typescript@patch:typescript@npm%3A^5.9.2#optional!builtin<compat/typescript>":
  version: 5.9.2
  resolution: "typescript@patch:typescript@npm%3A5.9.2#optional!builtin<compat/typescript>::version=5.9.2&hash=5786d5"
  bin:
    tsc: bin/tsc
    tsserver: bin/tsserver
  checksum: 10/bd810ab13e8e557225a8b5122370385440b933e4e077d5c7641a8afd207fdc8be9c346e3c678adba934b64e0e70b0acf5eef9493ea05170a48ce22bef845fdc7
  languageName: node
  linkType: hard

"undici-types@npm:~6.21.0":
  version: 6.21.0
  resolution: "undici-types@npm:6.21.0"
  checksum: 10/ec8f41aa4359d50f9b59fa61fe3efce3477cc681908c8f84354d8567bb3701fafdddf36ef6bff307024d3feb42c837cf6f670314ba37fc8145e219560e473d14
  languageName: node
  linkType: hard

"uuid@npm:^10.0.0":
  version: 10.0.0
  resolution: "uuid@npm:10.0.0"
  bin:
    uuid: dist/bin/uuid
  checksum: 10/35aa60614811a201ff90f8ca5e9ecb7076a75c3821e17f0f5ff72d44e36c2d35fcbc2ceee9c4ac7317f4cc41895da30e74f3885e30313bee48fda6338f250538
  languageName: node
  linkType: hard

"v8-compile-cache-lib@npm:^3.0.1":
  version: 3.0.1
  resolution: "v8-compile-cache-lib@npm:3.0.1"
  checksum: 10/88d3423a52b6aaf1836be779cab12f7016d47ad8430dffba6edf766695e6d90ad4adaa3d8eeb512cc05924f3e246c4a4ca51e089dccf4402caa536b5e5be8961
  languageName: node
  linkType: hard

"yn@npm:3.1.1":
  version: 3.1.1
  resolution: "yn@npm:3.1.1"
  checksum: 10/2c487b0e149e746ef48cda9f8bad10fc83693cd69d7f9dcd8be4214e985de33a29c9e24f3c0d6bcf2288427040a8947406ab27f7af67ee9456e6b84854f02dd6
  languageName: node
  linkType: hard
